
Microsoft Visual Studio Solution File, Format Version 12.00
# Visual Studio Version 16
VisualStudioVersion = 16.0.29926.136
MinimumVisualStudioVersion = 10.0.40219.1
Project("{FAE04EC0-301F-11D3-BF4B-00C04F79EFBC}") = "ProjectsGenerator_WindowsForms", "ProjectsGenerator_WindowsForms.csproj", "{AC342497-4439-491D-B9EB-5BB4907D8356}"
EndProject
Project("{54435603-DBB4-11D2-8724-00A0C9A8B90C}") = "Setup1", "..\..\..\OneDrive\Desktop\Setup\Setup1\Setup1.vdproj", "{EE0F6C5E-B0BB-41E9-8152-B83352A73B49}"
EndProject
Global
	GlobalSection(SolutionConfigurationPlatforms) = preSolution
		All|Any CPU = All|Any CPU
		Debug|Any CPU = Debug|Any CPU
		Release|Any CPU = Release|Any CPU
	EndGlobalSection
	GlobalSection(ProjectConfigurationPlatforms) = postSolution
		{AC342497-4439-491D-B9EB-5BB4907D8356}.All|Any CPU.ActiveCfg = Release|Any CPU
		{AC342497-4439-491D-B9EB-5BB4907D8356}.All|Any CPU.Build.0 = Release|Any CPU
		{AC342497-4439-491D-B9EB-5BB4907D8356}.Debug|Any CPU.ActiveCfg = Debug|Any CPU
		{AC342497-4439-491D-B9EB-5BB4907D8356}.Debug|Any CPU.Build.0 = Debug|Any CPU
		{AC342497-4439-491D-B9EB-5BB4907D8356}.Release|Any CPU.ActiveCfg = Release|Any CPU
		{AC342497-4439-491D-B9EB-5BB4907D8356}.Release|Any CPU.Build.0 = Release|Any CPU
		{EE0F6C5E-B0BB-41E9-8152-B83352A73B49}.All|Any CPU.ActiveCfg = Debug
		{EE0F6C5E-B0BB-41E9-8152-B83352A73B49}.Debug|Any CPU.ActiveCfg = Debug
		{EE0F6C5E-B0BB-41E9-8152-B83352A73B49}.Release|Any CPU.ActiveCfg = Release
	EndGlobalSection
	GlobalSection(SolutionProperties) = preSolution
		HideSolutionNode = FALSE
	EndGlobalSection
	GlobalSection(ExtensibilityGlobals) = postSolution
		SolutionGuid = {57E5A29E-2012-4597-B323-B285150A5DDA}
	EndGlobalSection
EndGlobal
